// !$*UTF8*$!
{
	archiveVersion = 1;
	classes = {
	};
	objectVersion = 46;
	objects = {

/* Begin PBXBuildFile section */
		797BBD8D1CF63D6C00420DDF /* FrameTextView.swift in Sources */ = {isa = PBXBuildFile; fileRef = 797BBD8C1CF63D6C00420DDF /* FrameTextView.swift */; };
		79998C9F1D08B98E00CCE6CE /* EditService.swift in Sources */ = {isa = PBXBuildFile; fileRef = 79998C9E1D08B98E00CCE6CE /* EditService.swift */; };
		79998CA11D08BBDD00CCE6CE /* SummaryCellView.swift in Sources */ = {isa = PBXBuildFile; fileRef = 79998CA01D08BBDD00CCE6CE /* SummaryCellView.swift */; };
		79998CA31D08C19A00CCE6CE /* Constants.swift in Sources */ = {isa = PBXBuildFile; fileRef = 79998CA21D08C19A00CCE6CE /* Constants.swift */; };
		79D9C96E1CF3A2A400D93BF5 /* ParagraphCellView.swift in Sources */ = {isa = PBXBuildFile; fileRef = 79D9C96C1CF3A2A400D93BF5 /* ParagraphCellView.swift */; };
		79D9C96F1CF3A2A400D93BF5 /* ParagraphCellView.xib in Resources */ = {isa = PBXBuildFile; fileRef = 79D9C96D1CF3A2A400D93BF5 /* ParagraphCellView.xib */; };
		79D9C9731CF3A59300D93BF5 /* ReminderCellView.xib in Resources */ = {isa = PBXBuildFile; fileRef = 79D9C9721CF3A59300D93BF5 /* ReminderCellView.xib */; };
		79D9C9751CF3A95E00D93BF5 /* ReminderCellView.swift in Sources */ = {isa = PBXBuildFile; fileRef = 79D9C9741CF3A95E00D93BF5 /* ReminderCellView.swift */; };
		79D9C9771CF3A9A100D93BF5 /* PictureCellView.swift in Sources */ = {isa = PBXBuildFile; fileRef = 79D9C9761CF3A9A100D93BF5 /* PictureCellView.swift */; };
		79D9C9791CF3A9BD00D93BF5 /* PictureCellView.xib in Resources */ = {isa = PBXBuildFile; fileRef = 79D9C9781CF3A9BD00D93BF5 /* PictureCellView.xib */; };
		BD0A95E51CE9CF1500A364AE /* Note.swift in Sources */ = {isa = PBXBuildFile; fileRef = BD0A95DB1CE9CF1500A364AE /* Note.swift */; };
		BD0A95E71CE9CF1500A364AE /* Reminder.swift in Sources */ = {isa = PBXBuildFile; fileRef = BD0A95DD1CE9CF1500A364AE /* Reminder.swift */; };
		BD0A95E91CE9CF1500A364AE /* Tag.swift in Sources */ = {isa = PBXBuildFile; fileRef = BD0A95DF1CE9CF1500A364AE /* Tag.swift */; };
		BD0A95EB1CE9CF1500A364AE /* Paragraph.swift in Sources */ = {isa = PBXBuildFile; fileRef = BD0A95E11CE9CF1500A364AE /* Paragraph.swift */; };
		BD0A95ED1CE9CF1500A364AE /* Picture.swift in Sources */ = {isa = PBXBuildFile; fileRef = BD0A95E31CE9CF1500A364AE /* Picture.swift */; };
		BD0A95FE1CE9EA5300A364AE /* AdvancedNotesSeed.json in Resources */ = {isa = PBXBuildFile; fileRef = BD0A95FD1CE9EA5300A364AE /* AdvancedNotesSeed.json */; };
		BD383F461CEB18510075D32D /* NSDate+ISO8601.swift in Sources */ = {isa = PBXBuildFile; fileRef = BD383F451CEB18510075D32D /* NSDate+ISO8601.swift */; };
		BD383F511CEB33AE0075D32D /* picture01.jpg in Resources */ = {isa = PBXBuildFile; fileRef = BD383F471CEB33AE0075D32D /* picture01.jpg */; };
		BD383F521CEB33AE0075D32D /* picture02.jpg in Resources */ = {isa = PBXBuildFile; fileRef = BD383F481CEB33AE0075D32D /* picture02.jpg */; };
		BD383F531CEB33AE0075D32D /* picture03.jpg in Resources */ = {isa = PBXBuildFile; fileRef = BD383F491CEB33AE0075D32D /* picture03.jpg */; };
		BD383F541CEB33AE0075D32D /* picture04.jpg in Resources */ = {isa = PBXBuildFile; fileRef = BD383F4A1CEB33AE0075D32D /* picture04.jpg */; };
		BD383F551CEB33AE0075D32D /* picture05.jpg in Resources */ = {isa = PBXBuildFile; fileRef = BD383F4B1CEB33AE0075D32D /* picture05.jpg */; };
		BD383F561CEB33AE0075D32D /* picture06.jpg in Resources */ = {isa = PBXBuildFile; fileRef = BD383F4C1CEB33AE0075D32D /* picture06.jpg */; };
		BD383F571CEB33AE0075D32D /* picture07.jpg in Resources */ = {isa = PBXBuildFile; fileRef = BD383F4D1CEB33AE0075D32D /* picture07.jpg */; };
		BD383F581CEB33AE0075D32D /* picture08.jpg in Resources */ = {isa = PBXBuildFile; fileRef = BD383F4E1CEB33AE0075D32D /* picture08.jpg */; };
		BD383F591CEB33AE0075D32D /* picture09.jpg in Resources */ = {isa = PBXBuildFile; fileRef = BD383F4F1CEB33AE0075D32D /* picture09.jpg */; };
		BD383F5A1CEB33AE0075D32D /* picture10.jpg in Resources */ = {isa = PBXBuildFile; fileRef = BD383F501CEB33AE0075D32D /* picture10.jpg */; };
		BD383F5C1CEB3D550075D32D /* AppDelegate+DummyDataImport.swift in Sources */ = {isa = PBXBuildFile; fileRef = BD383F5B1CEB3D550075D32D /* AppDelegate+DummyDataImport.swift */; };
		BD383F5F1CEB48380075D32D /* CoreDataService.swift in Sources */ = {isa = PBXBuildFile; fileRef = BD383F5E1CEB48380075D32D /* CoreDataService.swift */; };
		BD383F611CEB48520075D32D /* CoreDataStack.swift in Sources */ = {isa = PBXBuildFile; fileRef = BD383F601CEB48520075D32D /* CoreDataStack.swift */; };
		BD54F5621CEDA5140003E145 /* NSManagedObject+Utils.swift in Sources */ = {isa = PBXBuildFile; fileRef = BD54F5611CEDA5140003E145 /* NSManagedObject+Utils.swift */; };
		BD54F5741CEDEB360003E145 /* Picture+CoreDataProperties.swift in Sources */ = {isa = PBXBuildFile; fileRef = BD54F56D1CEDEB360003E145 /* Picture+CoreDataProperties.swift */; };
		BD54F5751CEDEB360003E145 /* Tag+CoreDataProperties.swift in Sources */ = {isa = PBXBuildFile; fileRef = BD54F56E1CEDEB360003E145 /* Tag+CoreDataProperties.swift */; };
		BD54F5761CEDEB360003E145 /* Paragraph+CoreDataProperties.swift in Sources */ = {isa = PBXBuildFile; fileRef = BD54F56F1CEDEB360003E145 /* Paragraph+CoreDataProperties.swift */; };
		BD54F5771CEDEB360003E145 /* Note+CoreDataProperties.swift in Sources */ = {isa = PBXBuildFile; fileRef = BD54F5701CEDEB360003E145 /* Note+CoreDataProperties.swift */; };
		BD54F5781CEDEB360003E145 /* DescendantID+CoreDataProperties.swift in Sources */ = {isa = PBXBuildFile; fileRef = BD54F5711CEDEB360003E145 /* DescendantID+CoreDataProperties.swift */; };
		BD54F5791CEDEB360003E145 /* DescendantID.swift in Sources */ = {isa = PBXBuildFile; fileRef = BD54F5721CEDEB360003E145 /* DescendantID.swift */; };
		BD54F57A1CEDEB360003E145 /* Reminder+CoreDataProperties.swift in Sources */ = {isa = PBXBuildFile; fileRef = BD54F5731CEDEB360003E145 /* Reminder+CoreDataProperties.swift */; };
		BD54F57E1CEE02340003E145 /* ANEntity.swift in Sources */ = {isa = PBXBuildFile; fileRef = BD54F57D1CEE02340003E145 /* ANEntity.swift */; };
		BD7C1B6F1CEF336C002B542A /* MainTableViewCell.swift in Sources */ = {isa = PBXBuildFile; fileRef = BD7C1B611CEF336C002B542A /* MainTableViewCell.swift */; };
		BD7C1B701CEF336C002B542A /* MasterViewController.swift in Sources */ = {isa = PBXBuildFile; fileRef = BD7C1B631CEF336C002B542A /* MasterViewController.swift */; };
		BD7C1B711CEF336C002B542A /* ParagraphViewController.swift in Sources */ = {isa = PBXBuildFile; fileRef = BD7C1B651CEF336C002B542A /* ParagraphViewController.swift */; };
		BD7C1B731CEF336C002B542A /* RemindersViewController.swift in Sources */ = {isa = PBXBuildFile; fileRef = BD7C1B691CEF336C002B542A /* RemindersViewController.swift */; };
		BD7C1B741CEF336C002B542A /* DetailNavController.swift in Sources */ = {isa = PBXBuildFile; fileRef = BD7C1B6B1CEF336C002B542A /* DetailNavController.swift */; };
		BD7C1B751CEF336C002B542A /* SummaryViewController.swift in Sources */ = {isa = PBXBuildFile; fileRef = BD7C1B6E1CEF336C002B542A /* SummaryViewController.swift */; };
		BDEFCE861CE5D1D100807924 /* Assets.xcassets in Resources */ = {isa = PBXBuildFile; fileRef = BDEFCE851CE5D1D100807924 /* Assets.xcassets */; };
		BDEFCE9A1CE5D1FC00807924 /* AppDelegate.swift in Sources */ = {isa = PBXBuildFile; fileRef = BDEFCE931CE5D1FC00807924 /* AppDelegate.swift */; };
		BDEFCEA21CE5D20800807924 /* LaunchScreen.storyboard in Resources */ = {isa = PBXBuildFile; fileRef = BDEFCEA01CE5D20800807924 /* LaunchScreen.storyboard */; };
		BDEFCEA31CE5D20800807924 /* Main.storyboard in Resources */ = {isa = PBXBuildFile; fileRef = BDEFCEA11CE5D20800807924 /* Main.storyboard */; };
		BDEFCEA61CE5E8CA00807924 /* AdvancedNotesModel.xcdatamodeld in Sources */ = {isa = PBXBuildFile; fileRef = BDEFCEA41CE5E8CA00807924 /* AdvancedNotesModel.xcdatamodeld */; };
/* End PBXBuildFile section */

/* Begin PBXFileReference section */
		797BBD8C1CF63D6C00420DDF /* FrameTextView.swift */ = {isa = PBXFileReference; fileEncoding = 4; lastKnownFileType = sourcecode.swift; path = FrameTextView.swift; sourceTree = "<group>"; };
		79998C9E1D08B98E00CCE6CE /* EditService.swift */ = {isa = PBXFileReference; fileEncoding = 4; lastKnownFileType = sourcecode.swift; path = EditService.swift; sourceTree = "<group>"; };
		79998CA01D08BBDD00CCE6CE /* SummaryCellView.swift */ = {isa = PBXFileReference; fileEncoding = 4; lastKnownFileType = sourcecode.swift; path = SummaryCellView.swift; sourceTree = "<group>"; };
		79998CA21D08C19A00CCE6CE /* Constants.swift */ = {isa = PBXFileReference; fileEncoding = 4; lastKnownFileType = sourcecode.swift; path = Constants.swift; sourceTree = "<group>"; };
		79D9C96C1CF3A2A400D93BF5 /* ParagraphCellView.swift */ = {isa = PBXFileReference; fileEncoding = 4; lastKnownFileType = sourcecode.swift; path = ParagraphCellView.swift; sourceTree = "<group>"; };
		79D9C96D1CF3A2A400D93BF5 /* ParagraphCellView.xib */ = {isa = PBXFileReference; fileEncoding = 4; lastKnownFileType = file.xib; path = ParagraphCellView.xib; sourceTree = "<group>"; };
		79D9C9721CF3A59300D93BF5 /* ReminderCellView.xib */ = {isa = PBXFileReference; fileEncoding = 4; lastKnownFileType = file.xib; path = ReminderCellView.xib; sourceTree = "<group>"; };
		79D9C9741CF3A95E00D93BF5 /* ReminderCellView.swift */ = {isa = PBXFileReference; fileEncoding = 4; lastKnownFileType = sourcecode.swift; path = ReminderCellView.swift; sourceTree = "<group>"; };
		79D9C9761CF3A9A100D93BF5 /* PictureCellView.swift */ = {isa = PBXFileReference; fileEncoding = 4; lastKnownFileType = sourcecode.swift; path = PictureCellView.swift; sourceTree = "<group>"; };
		79D9C9781CF3A9BD00D93BF5 /* PictureCellView.xib */ = {isa = PBXFileReference; fileEncoding = 4; lastKnownFileType = file.xib; path = PictureCellView.xib; sourceTree = "<group>"; };
		BD0A95DB1CE9CF1500A364AE /* Note.swift */ = {isa = PBXFileReference; fileEncoding = 4; lastKnownFileType = sourcecode.swift; path = Note.swift; sourceTree = "<group>"; };
		BD0A95DD1CE9CF1500A364AE /* Reminder.swift */ = {isa = PBXFileReference; fileEncoding = 4; lastKnownFileType = sourcecode.swift; path = Reminder.swift; sourceTree = "<group>"; };
		BD0A95DF1CE9CF1500A364AE /* Tag.swift */ = {isa = PBXFileReference; fileEncoding = 4; lastKnownFileType = sourcecode.swift; path = Tag.swift; sourceTree = "<group>"; };
		BD0A95E11CE9CF1500A364AE /* Paragraph.swift */ = {isa = PBXFileReference; fileEncoding = 4; lastKnownFileType = sourcecode.swift; path = Paragraph.swift; sourceTree = "<group>"; };
		BD0A95E31CE9CF1500A364AE /* Picture.swift */ = {isa = PBXFileReference; fileEncoding = 4; lastKnownFileType = sourcecode.swift; path = Picture.swift; sourceTree = "<group>"; };
		BD0A95FD1CE9EA5300A364AE /* AdvancedNotesSeed.json */ = {isa = PBXFileReference; fileEncoding = 4; lastKnownFileType = text.json; path = AdvancedNotesSeed.json; sourceTree = "<group>"; };
		BD383F451CEB18510075D32D /* NSDate+ISO8601.swift */ = {isa = PBXFileReference; fileEncoding = 4; lastKnownFileType = sourcecode.swift; path = "NSDate+ISO8601.swift"; sourceTree = "<group>"; };
		BD383F471CEB33AE0075D32D /* picture01.jpg */ = {isa = PBXFileReference; lastKnownFileType = image.jpeg; path = picture01.jpg; sourceTree = "<group>"; };
		BD383F481CEB33AE0075D32D /* picture02.jpg */ = {isa = PBXFileReference; lastKnownFileType = image.jpeg; path = picture02.jpg; sourceTree = "<group>"; };
		BD383F491CEB33AE0075D32D /* picture03.jpg */ = {isa = PBXFileReference; lastKnownFileType = image.jpeg; path = picture03.jpg; sourceTree = "<group>"; };
		BD383F4A1CEB33AE0075D32D /* picture04.jpg */ = {isa = PBXFileReference; lastKnownFileType = image.jpeg; path = picture04.jpg; sourceTree = "<group>"; };
		BD383F4B1CEB33AE0075D32D /* picture05.jpg */ = {isa = PBXFileReference; lastKnownFileType = image.jpeg; path = picture05.jpg; sourceTree = "<group>"; };
		BD383F4C1CEB33AE0075D32D /* picture06.jpg */ = {isa = PBXFileReference; lastKnownFileType = image.jpeg; path = picture06.jpg; sourceTree = "<group>"; };
		BD383F4D1CEB33AE0075D32D /* picture07.jpg */ = {isa = PBXFileReference; lastKnownFileType = image.jpeg; path = picture07.jpg; sourceTree = "<group>"; };
		BD383F4E1CEB33AE0075D32D /* picture08.jpg */ = {isa = PBXFileReference; lastKnownFileType = image.jpeg; path = picture08.jpg; sourceTree = "<group>"; };
		BD383F4F1CEB33AE0075D32D /* picture09.jpg */ = {isa = PBXFileReference; lastKnownFileType = image.jpeg; path = picture09.jpg; sourceTree = "<group>"; };
		BD383F501CEB33AE0075D32D /* picture10.jpg */ = {isa = PBXFileReference; lastKnownFileType = image.jpeg; path = picture10.jpg; sourceTree = "<group>"; };
		BD383F5B1CEB3D550075D32D /* AppDelegate+DummyDataImport.swift */ = {isa = PBXFileReference; fileEncoding = 4; lastKnownFileType = sourcecode.swift; path = "AppDelegate+DummyDataImport.swift"; sourceTree = "<group>"; };
		BD383F5E1CEB48380075D32D /* CoreDataService.swift */ = {isa = PBXFileReference; fileEncoding = 4; lastKnownFileType = sourcecode.swift; path = CoreDataService.swift; sourceTree = "<group>"; };
		BD383F601CEB48520075D32D /* CoreDataStack.swift */ = {isa = PBXFileReference; fileEncoding = 4; lastKnownFileType = sourcecode.swift; path = CoreDataStack.swift; sourceTree = "<group>"; };
		BD54F5611CEDA5140003E145 /* NSManagedObject+Utils.swift */ = {isa = PBXFileReference; fileEncoding = 4; lastKnownFileType = sourcecode.swift; path = "NSManagedObject+Utils.swift"; sourceTree = "<group>"; };
		BD54F56D1CEDEB360003E145 /* Picture+CoreDataProperties.swift */ = {isa = PBXFileReference; fileEncoding = 4; lastKnownFileType = sourcecode.swift; path = "Picture+CoreDataProperties.swift"; sourceTree = "<group>"; };
		BD54F56E1CEDEB360003E145 /* Tag+CoreDataProperties.swift */ = {isa = PBXFileReference; fileEncoding = 4; lastKnownFileType = sourcecode.swift; path = "Tag+CoreDataProperties.swift"; sourceTree = "<group>"; };
		BD54F56F1CEDEB360003E145 /* Paragraph+CoreDataProperties.swift */ = {isa = PBXFileReference; fileEncoding = 4; lastKnownFileType = sourcecode.swift; path = "Paragraph+CoreDataProperties.swift"; sourceTree = "<group>"; };
		BD54F5701CEDEB360003E145 /* Note+CoreDataProperties.swift */ = {isa = PBXFileReference; fileEncoding = 4; lastKnownFileType = sourcecode.swift; path = "Note+CoreDataProperties.swift"; sourceTree = "<group>"; };
		BD54F5711CEDEB360003E145 /* DescendantID+CoreDataProperties.swift */ = {isa = PBXFileReference; fileEncoding = 4; lastKnownFileType = sourcecode.swift; path = "DescendantID+CoreDataProperties.swift"; sourceTree = "<group>"; };
		BD54F5721CEDEB360003E145 /* DescendantID.swift */ = {isa = PBXFileReference; fileEncoding = 4; lastKnownFileType = sourcecode.swift; path = DescendantID.swift; sourceTree = "<group>"; };
		BD54F5731CEDEB360003E145 /* Reminder+CoreDataProperties.swift */ = {isa = PBXFileReference; fileEncoding = 4; lastKnownFileType = sourcecode.swift; path = "Reminder+CoreDataProperties.swift"; sourceTree = "<group>"; };
		BD54F57D1CEE02340003E145 /* ANEntity.swift */ = {isa = PBXFileReference; fileEncoding = 4; lastKnownFileType = sourcecode.swift; path = ANEntity.swift; sourceTree = "<group>"; };
		BD7C1B611CEF336C002B542A /* MainTableViewCell.swift */ = {isa = PBXFileReference; fileEncoding = 4; lastKnownFileType = sourcecode.swift; path = MainTableViewCell.swift; sourceTree = "<group>"; };
		BD7C1B631CEF336C002B542A /* MasterViewController.swift */ = {isa = PBXFileReference; fileEncoding = 4; lastKnownFileType = sourcecode.swift; path = MasterViewController.swift; sourceTree = "<group>"; };
		BD7C1B651CEF336C002B542A /* ParagraphViewController.swift */ = {isa = PBXFileReference; fileEncoding = 4; lastKnownFileType = sourcecode.swift; path = ParagraphViewController.swift; sourceTree = "<group>"; };
		BD7C1B691CEF336C002B542A /* RemindersViewController.swift */ = {isa = PBXFileReference; fileEncoding = 4; lastKnownFileType = sourcecode.swift; path = RemindersViewController.swift; sourceTree = "<group>"; };
		BD7C1B6B1CEF336C002B542A /* DetailNavController.swift */ = {isa = PBXFileReference; fileEncoding = 4; lastKnownFileType = sourcecode.swift; path = DetailNavController.swift; sourceTree = "<group>"; };
		BD7C1B6E1CEF336C002B542A /* SummaryViewController.swift */ = {isa = PBXFileReference; fileEncoding = 4; lastKnownFileType = sourcecode.swift; path = SummaryViewController.swift; sourceTree = "<group>"; };
		BDEFCE7B1CE5D1D100807924 /* AdvancedNotes.app */ = {isa = PBXFileReference; explicitFileType = wrapper.application; includeInIndex = 0; path = AdvancedNotes.app; sourceTree = BUILT_PRODUCTS_DIR; };
		BDEFCE851CE5D1D100807924 /* Assets.xcassets */ = {isa = PBXFileReference; lastKnownFileType = folder.assetcatalog; path = Assets.xcassets; sourceTree = "<group>"; };
		BDEFCE8A1CE5D1D100807924 /* Info.plist */ = {isa = PBXFileReference; lastKnownFileType = text.plist.xml; path = Info.plist; sourceTree = "<group>"; };
		BDEFCE901CE5D1FB00807924 /* AdvancedNotes-Bridging-Header.h */ = {isa = PBXFileReference; lastKnownFileType = sourcecode.c.h; path = "AdvancedNotes-Bridging-Header.h"; sourceTree = "<group>"; };
		BDEFCE931CE5D1FC00807924 /* AppDelegate.swift */ = {isa = PBXFileReference; fileEncoding = 4; lastKnownFileType = sourcecode.swift; path = AppDelegate.swift; sourceTree = "<group>"; };
		BDEFCEA01CE5D20800807924 /* LaunchScreen.storyboard */ = {isa = PBXFileReference; fileEncoding = 4; lastKnownFileType = file.storyboard; path = LaunchScreen.storyboard; sourceTree = "<group>"; };
		BDEFCEA11CE5D20800807924 /* Main.storyboard */ = {isa = PBXFileReference; fileEncoding = 4; lastKnownFileType = file.storyboard; path = Main.storyboard; sourceTree = "<group>"; };
		BDEFCEA51CE5E8CA00807924 /* AdvancedNoteModel.xcdatamodel */ = {isa = PBXFileReference; lastKnownFileType = wrapper.xcdatamodel; path = AdvancedNoteModel.xcdatamodel; sourceTree = "<group>"; };
/* End PBXFileReference section */

/* Begin PBXFrameworksBuildPhase section */
		BDEFCE781CE5D1D100807924 /* Frameworks */ = {
			isa = PBXFrameworksBuildPhase;
			buildActionMask = 2147483647;
			files = (
			);
			runOnlyForDeploymentPostprocessing = 0;
		};
/* End PBXFrameworksBuildPhase section */

/* Begin PBXGroup section */
		79D9C96B1CF3A2A400D93BF5 /* View */ = {
			isa = PBXGroup;
			children = (
				79998CA01D08BBDD00CCE6CE /* SummaryCellView.swift */,
				79D9C96C1CF3A2A400D93BF5 /* ParagraphCellView.swift */,
				79D9C96D1CF3A2A400D93BF5 /* ParagraphCellView.xib */,
				79D9C9761CF3A9A100D93BF5 /* PictureCellView.swift */,
				79D9C9781CF3A9BD00D93BF5 /* PictureCellView.xib */,
				79D9C9741CF3A95E00D93BF5 /* ReminderCellView.swift */,
				79D9C9721CF3A59300D93BF5 /* ReminderCellView.xib */,
			);
			path = View;
			sourceTree = "<group>";
		};
		BD0A95FC1CE9EA5300A364AE /* SupportFiles */ = {
			isa = PBXGroup;
			children = (
				BD0A95FD1CE9EA5300A364AE /* AdvancedNotesSeed.json */,
				BD383F471CEB33AE0075D32D /* picture01.jpg */,
				BD383F481CEB33AE0075D32D /* picture02.jpg */,
				BD383F491CEB33AE0075D32D /* picture03.jpg */,
				BD383F4A1CEB33AE0075D32D /* picture04.jpg */,
				BD383F4B1CEB33AE0075D32D /* picture05.jpg */,
				BD383F4C1CEB33AE0075D32D /* picture06.jpg */,
				BD383F4D1CEB33AE0075D32D /* picture07.jpg */,
				BD383F4E1CEB33AE0075D32D /* picture08.jpg */,
				BD383F4F1CEB33AE0075D32D /* picture09.jpg */,
				BD383F501CEB33AE0075D32D /* picture10.jpg */,
			);
			path = SupportFiles;
			sourceTree = "<group>";
		};
		BD383F441CEB18310075D32D /* Base */ = {
			isa = PBXGroup;
			children = (
				797BBD8C1CF63D6C00420DDF /* FrameTextView.swift */,
				BD383F451CEB18510075D32D /* NSDate+ISO8601.swift */,
				BD54F5611CEDA5140003E145 /* NSManagedObject+Utils.swift */,
				BD54F57D1CEE02340003E145 /* ANEntity.swift */,
			);
			path = Base;
			sourceTree = "<group>";
		};
		BD383F5D1CEB482C0075D32D /* Services */ = {
			isa = PBXGroup;
			children = (
				BD383F5E1CEB48380075D32D /* CoreDataService.swift */,
				BD383F601CEB48520075D32D /* CoreDataStack.swift */,
				79998C9E1D08B98E00CCE6CE /* EditService.swift */,
			);
			path = Services;
			sourceTree = "<group>";
		};
		BD7C1B5D1CEF336C002B542A /* App */ = {
			isa = PBXGroup;
			children = (
				BD7C1B5E1CEF336C002B542A /* Master */,
				BD7C1B641CEF336C002B542A /* Paragraph */,
				BD7C1B681CEF336C002B542A /* Reminder */,
				BD7C1B6A1CEF336C002B542A /* Summary */,
			);
			path = App;
			sourceTree = "<group>";
		};
		BD7C1B5E1CEF336C002B542A /* Master */ = {
			isa = PBXGroup;
			children = (
				BD7C1B5F1CEF336C002B542A /* View */,
				BD7C1B621CEF336C002B542A /* ViewController */,
			);
			path = Master;
			sourceTree = "<group>";
		};
		BD7C1B5F1CEF336C002B542A /* View */ = {
			isa = PBXGroup;
			children = (
				BD7C1B601CEF336C002B542A /* Cell */,
			);
			path = View;
			sourceTree = "<group>";
		};
		BD7C1B601CEF336C002B542A /* Cell */ = {
			isa = PBXGroup;
			children = (
				BD7C1B611CEF336C002B542A /* MainTableViewCell.swift */,
			);
			path = Cell;
			sourceTree = "<group>";
		};
		BD7C1B621CEF336C002B542A /* ViewController */ = {
			isa = PBXGroup;
			children = (
				BD7C1B631CEF336C002B542A /* MasterViewController.swift */,
			);
			path = ViewController;
			sourceTree = "<group>";
		};
		BD7C1B641CEF336C002B542A /* Paragraph */ = {
			isa = PBXGroup;
			children = (
				BD7C1B661CEF336C002B542A /* View */,
				BD7C1B651CEF336C002B542A /* ParagraphViewController.swift */,
			);
			path = Paragraph;
			sourceTree = "<group>";
		};
		BD7C1B661CEF336C002B542A /* View */ = {
			isa = PBXGroup;
			children = (
			);
			path = View;
			sourceTree = "<group>";
		};
		BD7C1B681CEF336C002B542A /* Reminder */ = {
			isa = PBXGroup;
			children = (
				BD7C1B691CEF336C002B542A /* RemindersViewController.swift */,
			);
			path = Reminder;
			sourceTree = "<group>";
		};
		BD7C1B6A1CEF336C002B542A /* Summary */ = {
			isa = PBXGroup;
			children = (
				79D9C96B1CF3A2A400D93BF5 /* View */,
				BD7C1B6D1CEF336C002B542A /* ViewController */,
				BD7C1B6B1CEF336C002B542A /* DetailNavController.swift */,
			);
			path = Summary;
			sourceTree = "<group>";
		};
		BD7C1B6D1CEF336C002B542A /* ViewController */ = {
			isa = PBXGroup;
			children = (
				BD7C1B6E1CEF336C002B542A /* SummaryViewController.swift */,
			);
			name = ViewController;
			path = AdvancedNotes/App/Summary/ViewController;
			sourceTree = SOURCE_ROOT;
		};
		BDEFCE721CE5D1D100807924 = {
			isa = PBXGroup;
			children = (
				BDEFCE7D1CE5D1D100807924 /* AdvancedNotes */,
				BDEFCE7C1CE5D1D100807924 /* Products */,
			);
			sourceTree = "<group>";
		};
		BDEFCE7C1CE5D1D100807924 /* Products */ = {
			isa = PBXGroup;
			children = (
				BDEFCE7B1CE5D1D100807924 /* AdvancedNotes.app */,
			);
			name = Products;
			sourceTree = "<group>";
		};
		BDEFCE7D1CE5D1D100807924 /* AdvancedNotes */ = {
			isa = PBXGroup;
			children = (
				BD7C1B5D1CEF336C002B542A /* App */,
				BD383F5D1CEB482C0075D32D /* Services */,
				BD383F441CEB18310075D32D /* Base */,
				BDEFCEBA1CE6008600807924 /* ManagedObjects */,
				BDEFCEA41CE5E8CA00807924 /* AdvancedNotesModel.xcdatamodeld */,
				BDEFCEA01CE5D20800807924 /* LaunchScreen.storyboard */,
				BDEFCEA11CE5D20800807924 /* Main.storyboard */,
				BDEFCE931CE5D1FC00807924 /* AppDelegate.swift */,
				BD383F5B1CEB3D550075D32D /* AppDelegate+DummyDataImport.swift */,
				79998CA21D08C19A00CCE6CE /* Constants.swift */,
				BDEFCE851CE5D1D100807924 /* Assets.xcassets */,
				BDEFCE8A1CE5D1D100807924 /* Info.plist */,
				BDEFCE901CE5D1FB00807924 /* AdvancedNotes-Bridging-Header.h */,
				BD0A95FC1CE9EA5300A364AE /* SupportFiles */,
			);
			path = AdvancedNotes;
			sourceTree = "<group>";
		};
		BDEFCEBA1CE6008600807924 /* ManagedObjects */ = {
			isa = PBXGroup;
			children = (
				BD54F56D1CEDEB360003E145 /* Picture+CoreDataProperties.swift */,
				BD54F56E1CEDEB360003E145 /* Tag+CoreDataProperties.swift */,
				BD54F56F1CEDEB360003E145 /* Paragraph+CoreDataProperties.swift */,
				BD54F5701CEDEB360003E145 /* Note+CoreDataProperties.swift */,
				BD54F5711CEDEB360003E145 /* DescendantID+CoreDataProperties.swift */,
				BD54F5731CEDEB360003E145 /* Reminder+CoreDataProperties.swift */,
				BD54F5721CEDEB360003E145 /* DescendantID.swift */,
				BD0A95DB1CE9CF1500A364AE /* Note.swift */,
				BD0A95DD1CE9CF1500A364AE /* Reminder.swift */,
				BD0A95DF1CE9CF1500A364AE /* Tag.swift */,
				BD0A95E11CE9CF1500A364AE /* Paragraph.swift */,
				BD0A95E31CE9CF1500A364AE /* Picture.swift */,
			);
			path = ManagedObjects;
			sourceTree = "<group>";
		};
/* End PBXGroup section */

/* Begin PBXNativeTarget section */
		BDEFCE7A1CE5D1D100807924 /* AdvancedNotes */ = {
			isa = PBXNativeTarget;
			buildConfigurationList = BDEFCE8D1CE5D1D100807924 /* Build configuration list for PBXNativeTarget "AdvancedNotes" */;
			buildPhases = (
				BDEFCE771CE5D1D100807924 /* Sources */,
				BDEFCE781CE5D1D100807924 /* Frameworks */,
				BDEFCE791CE5D1D100807924 /* Resources */,
			);
			buildRules = (
			);
			dependencies = (
			);
			name = AdvancedNotes;
			productName = AdvancedNotes;
			productReference = BDEFCE7B1CE5D1D100807924 /* AdvancedNotes.app */;
			productType = "com.apple.product-type.application";
		};
/* End PBXNativeTarget section */

/* Begin PBXProject section */
		BDEFCE731CE5D1D100807924 /* Project object */ = {
			isa = PBXProject;
			attributes = {
				LastSwiftUpdateCheck = 0730;
				LastUpgradeCheck = 0730;
				ORGANIZATIONNAME = "CertiCon a.s.";
				TargetAttributes = {
					BDEFCE7A1CE5D1D100807924 = {
						CreatedOnToolsVersion = 7.3;
					};
				};
			};
			buildConfigurationList = BDEFCE761CE5D1D100807924 /* Build configuration list for PBXProject "AdvancedNotes" */;
			compatibilityVersion = "Xcode 3.2";
			developmentRegion = English;
			hasScannedForEncodings = 0;
			knownRegions = (
				en,
				Base,
			);
			mainGroup = BDEFCE721CE5D1D100807924;
			productRefGroup = BDEFCE7C1CE5D1D100807924 /* Products */;
			projectDirPath = "";
			projectRoot = "";
			targets = (
				BDEFCE7A1CE5D1D100807924 /* AdvancedNotes */,
			);
		};
/* End PBXProject section */

/* Begin PBXResourcesBuildPhase section */
		BDEFCE791CE5D1D100807924 /* Resources */ = {
			isa = PBXResourcesBuildPhase;
			buildActionMask = 2147483647;
			files = (
				79D9C96F1CF3A2A400D93BF5 /* ParagraphCellView.xib in Resources */,
				BD383F561CEB33AE0075D32D /* picture06.jpg in Resources */,
				BD383F511CEB33AE0075D32D /* picture01.jpg in Resources */,
				BD383F591CEB33AE0075D32D /* picture09.jpg in Resources */,
				BDEFCEA31CE5D20800807924 /* Main.storyboard in Resources */,
				BDEFCE861CE5D1D100807924 /* Assets.xcassets in Resources */,
				79D9C9731CF3A59300D93BF5 /* ReminderCellView.xib in Resources */,
				BD383F581CEB33AE0075D32D /* picture08.jpg in Resources */,
				BD0A95FE1CE9EA5300A364AE /* AdvancedNotesSeed.json in Resources */,
				BD383F5A1CEB33AE0075D32D /* picture10.jpg in Resources */,
				BD383F541CEB33AE0075D32D /* picture04.jpg in Resources */,
				BD383F521CEB33AE0075D32D /* picture02.jpg in Resources */,
				BDEFCEA21CE5D20800807924 /* LaunchScreen.storyboard in Resources */,
				79D9C9791CF3A9BD00D93BF5 /* PictureCellView.xib in Resources */,
				BD383F551CEB33AE0075D32D /* picture05.jpg in Resources */,
				BD383F571CEB33AE0075D32D /* picture07.jpg in Resources */,
				BD383F531CEB33AE0075D32D /* picture03.jpg in Resources */,
			);
			runOnlyForDeploymentPostprocessing = 0;
		};
/* End PBXResourcesBuildPhase section */

/* Begin PBXSourcesBuildPhase section */
		BDEFCE771CE5D1D100807924 /* Sources */ = {
			isa = PBXSourcesBuildPhase;
			buildActionMask = 2147483647;
			files = (
				BD54F5761CEDEB360003E145 /* Paragraph+CoreDataProperties.swift in Sources */,
				79998CA31D08C19A00CCE6CE /* Constants.swift in Sources */,
				BD54F5741CEDEB360003E145 /* Picture+CoreDataProperties.swift in Sources */,
				BD7C1B741CEF336C002B542A /* DetailNavController.swift in Sources */,
				79998C9F1D08B98E00CCE6CE /* EditService.swift in Sources */,
				79D9C9751CF3A95E00D93BF5 /* ReminderCellView.swift in Sources */,
				BD7C1B701CEF336C002B542A /* MasterViewController.swift in Sources */,
				BD383F461CEB18510075D32D /* NSDate+ISO8601.swift in Sources */,
				BD54F57E1CEE02340003E145 /* ANEntity.swift in Sources */,
				BDEFCEA61CE5E8CA00807924 /* AdvancedNotesModel.xcdatamodeld in Sources */,
				BD54F57A1CEDEB360003E145 /* Reminder+CoreDataProperties.swift in Sources */,
				797BBD8D1CF63D6C00420DDF /* FrameTextView.swift in Sources */,
				BD7C1B711CEF336C002B542A /* ParagraphViewController.swift in Sources */,
				BD54F5781CEDEB360003E145 /* DescendantID+CoreDataProperties.swift in Sources */,
				79D9C9771CF3A9A100D93BF5 /* PictureCellView.swift in Sources */,
				BD383F5C1CEB3D550075D32D /* AppDelegate+DummyDataImport.swift in Sources */,
				BD54F5791CEDEB360003E145 /* DescendantID.swift in Sources */,
				BD383F5F1CEB48380075D32D /* CoreDataService.swift in Sources */,
				BD7C1B6F1CEF336C002B542A /* MainTableViewCell.swift in Sources */,
				BD0A95EB1CE9CF1500A364AE /* Paragraph.swift in Sources */,
				BD54F5751CEDEB360003E145 /* Tag+CoreDataProperties.swift in Sources */,
				BD0A95E51CE9CF1500A364AE /* Note.swift in Sources */,
				BD0A95E71CE9CF1500A364AE /* Reminder.swift in Sources */,
				BD383F611CEB48520075D32D /* CoreDataStack.swift in Sources */,
				BDEFCE9A1CE5D1FC00807924 /* AppDelegate.swift in Sources */,
				BD0A95E91CE9CF1500A364AE /* Tag.swift in Sources */,
				79998CA11D08BBDD00CCE6CE /* SummaryCellView.swift in Sources */,
				BD54F5771CEDEB360003E145 /* Note+CoreDataProperties.swift in Sources */,
				BD0A95ED1CE9CF1500A364AE /* Picture.swift in Sources */,
				BD54F5621CEDA5140003E145 /* NSManagedObject+Utils.swift in Sources */,
				BD7C1B731CEF336C002B542A /* RemindersViewController.swift in Sources */,
				BD7C1B751CEF336C002B542A /* SummaryViewController.swift in Sources */,
				79D9C96E1CF3A2A400D93BF5 /* ParagraphCellView.swift in Sources */,
			);
			runOnlyForDeploymentPostprocessing = 0;
		};
/* End PBXSourcesBuildPhase section */

/* Begin XCBuildConfiguration section */
		BDEFCE8B1CE5D1D100807924 /* Debug */ = {
			isa = XCBuildConfiguration;
			buildSettings = {
				ALWAYS_SEARCH_USER_PATHS = NO;
				CLANG_ANALYZER_NONNULL = YES;
				CLANG_CXX_LANGUAGE_STANDARD = "gnu++0x";
				CLANG_CXX_LIBRARY = "libc++";
				CLANG_ENABLE_MODULES = YES;
				CLANG_ENABLE_OBJC_ARC = YES;
				CLANG_WARN_BOOL_CONVERSION = YES;
				CLANG_WARN_CONSTANT_CONVERSION = YES;
				CLANG_WARN_DIRECT_OBJC_ISA_USAGE = YES_ERROR;
				CLANG_WARN_EMPTY_BODY = YES;
				CLANG_WARN_ENUM_CONVERSION = YES;
				CLANG_WARN_INT_CONVERSION = YES;
				CLANG_WARN_OBJC_ROOT_CLASS = YES_ERROR;
				CLANG_WARN_UNREACHABLE_CODE = YES;
				CLANG_WARN__DUPLICATE_METHOD_MATCH = YES;
				"CODE_SIGN_IDENTITY[sdk=iphoneos*]" = "iPhone Developer";
				COPY_PHASE_STRIP = NO;
				DEBUG_INFORMATION_FORMAT = dwarf;
				ENABLE_STRICT_OBJC_MSGSEND = YES;
				ENABLE_TESTABILITY = YES;
				GCC_C_LANGUAGE_STANDARD = gnu99;
				GCC_DYNAMIC_NO_PIC = NO;
				GCC_NO_COMMON_BLOCKS = YES;
				GCC_OPTIMIZATION_LEVEL = 0;
				GCC_PREPROCESSOR_DEFINITIONS = (
					"DEBUG=1",
					"$(inherited)",
				);
				GCC_WARN_64_TO_32_BIT_CONVERSION = YES;
				GCC_WARN_ABOUT_RETURN_TYPE = YES_ERROR;
				GCC_WARN_UNDECLARED_SELECTOR = YES;
				GCC_WARN_UNINITIALIZED_AUTOS = YES_AGGRESSIVE;
				GCC_WARN_UNUSED_FUNCTION = YES;
				GCC_WARN_UNUSED_VARIABLE = YES;
				IPHONEOS_DEPLOYMENT_TARGET = 9.3;
				MTL_ENABLE_DEBUG_INFO = YES;
				ONLY_ACTIVE_ARCH = YES;
				SDKROOT = iphoneos;
				SWIFT_OPTIMIZATION_LEVEL = "-Onone";
				TARGETED_DEVICE_FAMILY = "1,2";
			};
			name = Debug;
		};
		BDEFCE8C1CE5D1D100807924 /* Release */ = {
			isa = XCBuildConfiguration;
			buildSettings = {
				ALWAYS_SEARCH_USER_PATHS = NO;
				CLANG_ANALYZER_NONNULL = YES;
				CLANG_CXX_LANGUAGE_STANDARD = "gnu++0x";
				CLANG_CXX_LIBRARY = "libc++";
				CLANG_ENABLE_MODULES = YES;
				CLANG_ENABLE_OBJC_ARC = YES;
				CLANG_WARN_BOOL_CONVERSION = YES;
				CLANG_WARN_CONSTANT_CONVERSION = YES;
				CLANG_WARN_DIRECT_OBJC_ISA_USAGE = YES_ERROR;
				CLANG_WARN_EMPTY_BODY = YES;
				CLANG_WARN_ENUM_CONVERSION = YES;
				CLANG_WARN_INT_CONVERSION = YES;
				CLANG_WARN_OBJC_ROOT_CLASS = YES_ERROR;
				CLANG_WARN_UNREACHABLE_CODE = YES;
				CLANG_WARN__DUPLICATE_METHOD_MATCH = YES;
				"CODE_SIGN_IDENTITY[sdk=iphoneos*]" = "iPhone Developer";
				COPY_PHASE_STRIP = NO;
				DEBUG_INFORMATION_FORMAT = "dwarf-with-dsym";
				ENABLE_NS_ASSERTIONS = NO;
				ENABLE_STRICT_OBJC_MSGSEND = YES;
				GCC_C_LANGUAGE_STANDARD = gnu99;
				GCC_NO_COMMON_BLOCKS = YES;
				GCC_WARN_64_TO_32_BIT_CONVERSION = YES;
				GCC_WARN_ABOUT_RETURN_TYPE = YES_ERROR;
				GCC_WARN_UNDECLARED_SELECTOR = YES;
				GCC_WARN_UNINITIALIZED_AUTOS = YES_AGGRESSIVE;
				GCC_WARN_UNUSED_FUNCTION = YES;
				GCC_WARN_UNUSED_VARIABLE = YES;
				IPHONEOS_DEPLOYMENT_TARGET = 9.3;
				MTL_ENABLE_DEBUG_INFO = NO;
				SDKROOT = iphoneos;
				TARGETED_DEVICE_FAMILY = "1,2";
				VALIDATE_PRODUCT = YES;
			};
			name = Release;
		};
		BDEFCE8E1CE5D1D100807924 /* Debug */ = {
			isa = XCBuildConfiguration;
			buildSettings = {
				ASSETCATALOG_COMPILER_APPICON_NAME = AppIcon;
				CLANG_ENABLE_MODULES = YES;
				INFOPLIST_FILE = AdvancedNotes/Info.plist;
				IPHONEOS_DEPLOYMENT_TARGET = 9.0;
				LD_RUNPATH_SEARCH_PATHS = "$(inherited) @executable_path/Frameworks";
				PRODUCT_BUNDLE_IDENTIFIER = cz.certicon.AdvancedNotes;
				PRODUCT_NAME = "$(TARGET_NAME)";
				SWIFT_OBJC_BRIDGING_HEADER = "AdvancedNotes/AdvancedNotes-Bridging-Header.h";
				SWIFT_OPTIMIZATION_LEVEL = "-Onone";
			};
			name = Debug;
		};
		BDEFCE8F1CE5D1D100807924 /* Release */ = {
			isa = XCBuildConfiguration;
			buildSettings = {
				ASSETCATALOG_COMPILER_APPICON_NAME = AppIcon;
				CLANG_ENABLE_MODULES = YES;
				INFOPLIST_FILE = AdvancedNotes/Info.plist;
				IPHONEOS_DEPLOYMENT_TARGET = 9.0;
				LD_RUNPATH_SEARCH_PATHS = "$(inherited) @executable_path/Frameworks";
				PRODUCT_BUNDLE_IDENTIFIER = cz.certicon.AdvancedNotes;
				PRODUCT_NAME = "$(TARGET_NAME)";
				SWIFT_OBJC_BRIDGING_HEADER = "AdvancedNotes/AdvancedNotes-Bridging-Header.h";
			};
			name = Release;
		};
/* End XCBuildConfiguration section */

/* Begin XCConfigurationList section */
		BDEFCE761CE5D1D100807924 /* Build configuration list for PBXProject "AdvancedNotes" */ = {
			isa = XCConfigurationList;
			buildConfigurations = (
				BDEFCE8B1CE5D1D100807924 /* Debug */,
				BDEFCE8C1CE5D1D100807924 /* Release */,
			);
			defaultConfigurationIsVisible = 0;
			defaultConfigurationName = Release;
		};
		BDEFCE8D1CE5D1D100807924 /* Build configuration list for PBXNativeTarget "AdvancedNotes" */ = {
			isa = XCConfigurationList;
			buildConfigurations = (
				BDEFCE8E1CE5D1D100807924 /* Debug */,
				BDEFCE8F1CE5D1D100807924 /* Release */,
			);
			defaultConfigurationIsVisible = 0;
			defaultConfigurationName = Release;
		};
/* End XCConfigurationList section */

/* Begin XCVersionGroup section */
		BDEFCEA41CE5E8CA00807924 /* AdvancedNotesModel.xcdatamodeld */ = {
			isa = XCVersionGroup;
			children = (
				BDEFCEA51CE5E8CA00807924 /* AdvancedNoteModel.xcdatamodel */,
			);
			currentVersion = BDEFCEA51CE5E8CA00807924 /* AdvancedNoteModel.xcdatamodel */;
			path = AdvancedNotesModel.xcdatamodeld;
			sourceTree = "<group>";
			versionGroupType = wrapper.xcdatamodel;
		};
/* End XCVersionGroup section */
	};
	rootObject = BDEFCE731CE5D1D100807924 /* Project object */;
}
