// !$*UTF8*$!
{
	archiveVersion = 1;
	classes = {
	};
	objectVersion = 46;
	objects = {

/* Begin PBXBuildFile section */
		BD1819291C9ACFA7000A43B3 /* AppDelegate.swift in Sources */ = {isa = PBXBuildFile; fileRef = BD1819281C9ACFA7000A43B3 /* AppDelegate.swift */; };
		BD18192E1C9ACFA7000A43B3 /* Main.storyboard in Resources */ = {isa = PBXBuildFile; fileRef = BD18192C1C9ACFA7000A43B3 /* Main.storyboard */; };
		BD1819311C9ACFA7000A43B3 /* DungeonGame.xcdatamodeld in Sources */ = {isa = PBXBuildFile; fileRef = BD18192F1C9ACFA7000A43B3 /* DungeonGame.xcdatamodeld */; };
		BD1819331C9ACFA7000A43B3 /* Assets.xcassets in Resources */ = {isa = PBXBuildFile; fileRef = BD1819321C9ACFA7000A43B3 /* Assets.xcassets */; };
		BD1819361C9ACFA7000A43B3 /* LaunchScreen.storyboard in Resources */ = {isa = PBXBuildFile; fileRef = BD1819341C9ACFA7000A43B3 /* LaunchScreen.storyboard */; };
		BD1819411C9ACFA7000A43B3 /* DungeonGameTests.swift in Sources */ = {isa = PBXBuildFile; fileRef = BD1819401C9ACFA7000A43B3 /* DungeonGameTests.swift */; };
		BD18194C1C9ACFA7000A43B3 /* DungeonGameUITests.swift in Sources */ = {isa = PBXBuildFile; fileRef = BD18194B1C9ACFA7000A43B3 /* DungeonGameUITests.swift */; };
		BD18195E1C9AF0BC000A43B3 /* PartyViewController.swift in Sources */ = {isa = PBXBuildFile; fileRef = BD18195C1C9AF0BC000A43B3 /* PartyViewController.swift */; };
		BD18195F1C9AF0BC000A43B3 /* MainViewController.swift in Sources */ = {isa = PBXBuildFile; fileRef = BD18195D1C9AF0BC000A43B3 /* MainViewController.swift */; };
		BD1819621C9AF198000A43B3 /* PartyMemberTCViewController.swift in Sources */ = {isa = PBXBuildFile; fileRef = BD1819611C9AF198000A43B3 /* PartyMemberTCViewController.swift */; };
		BD1819641C9C0E64000A43B3 /* CoreDataStack.swift in Sources */ = {isa = PBXBuildFile; fileRef = BD1819631C9C0E64000A43B3 /* CoreDataStack.swift */; };
		BD1819671C9C4034000A43B3 /* Game.swift in Sources */ = {isa = PBXBuildFile; fileRef = BD1819661C9C4034000A43B3 /* Game.swift */; };
/* End PBXBuildFile section */

/* Begin PBXContainerItemProxy section */
		BD18193D1C9ACFA7000A43B3 /* PBXContainerItemProxy */ = {
			isa = PBXContainerItemProxy;
			containerPortal = BD18191D1C9ACFA7000A43B3 /* Project object */;
			proxyType = 1;
			remoteGlobalIDString = BD1819241C9ACFA7000A43B3;
			remoteInfo = DungeonGame;
		};
		BD1819481C9ACFA7000A43B3 /* PBXContainerItemProxy */ = {
			isa = PBXContainerItemProxy;
			containerPortal = BD18191D1C9ACFA7000A43B3 /* Project object */;
			proxyType = 1;
			remoteGlobalIDString = BD1819241C9ACFA7000A43B3;
			remoteInfo = DungeonGame;
		};
/* End PBXContainerItemProxy section */

/* Begin PBXFileReference section */
		BD1819251C9ACFA7000A43B3 /* DungeonGame.app */ = {isa = PBXFileReference; explicitFileType = wrapper.application; includeInIndex = 0; path = DungeonGame.app; sourceTree = BUILT_PRODUCTS_DIR; };
		BD1819281C9ACFA7000A43B3 /* AppDelegate.swift */ = {isa = PBXFileReference; lastKnownFileType = sourcecode.swift; path = AppDelegate.swift; sourceTree = "<group>"; };
		BD18192D1C9ACFA7000A43B3 /* Base */ = {isa = PBXFileReference; lastKnownFileType = file.storyboard; name = Base; path = Base.lproj/Main.storyboard; sourceTree = "<group>"; };
		BD1819301C9ACFA7000A43B3 /* DungeonGame.xcdatamodel */ = {isa = PBXFileReference; lastKnownFileType = wrapper.xcdatamodel; path = DungeonGame.xcdatamodel; sourceTree = "<group>"; };
		BD1819321C9ACFA7000A43B3 /* Assets.xcassets */ = {isa = PBXFileReference; lastKnownFileType = folder.assetcatalog; path = Assets.xcassets; sourceTree = "<group>"; };
		BD1819351C9ACFA7000A43B3 /* Base */ = {isa = PBXFileReference; lastKnownFileType = file.storyboard; name = Base; path = Base.lproj/LaunchScreen.storyboard; sourceTree = "<group>"; };
		BD1819371C9ACFA7000A43B3 /* Info.plist */ = {isa = PBXFileReference; lastKnownFileType = text.plist.xml; path = Info.plist; sourceTree = "<group>"; };
		BD18193C1C9ACFA7000A43B3 /* DungeonGameTests.xctest */ = {isa = PBXFileReference; explicitFileType = wrapper.cfbundle; includeInIndex = 0; path = DungeonGameTests.xctest; sourceTree = BUILT_PRODUCTS_DIR; };
		BD1819401C9ACFA7000A43B3 /* DungeonGameTests.swift */ = {isa = PBXFileReference; lastKnownFileType = sourcecode.swift; path = DungeonGameTests.swift; sourceTree = "<group>"; };
		BD1819421C9ACFA7000A43B3 /* Info.plist */ = {isa = PBXFileReference; lastKnownFileType = text.plist.xml; path = Info.plist; sourceTree = "<group>"; };
		BD1819471C9ACFA7000A43B3 /* DungeonGameUITests.xctest */ = {isa = PBXFileReference; explicitFileType = wrapper.cfbundle; includeInIndex = 0; path = DungeonGameUITests.xctest; sourceTree = BUILT_PRODUCTS_DIR; };
		BD18194B1C9ACFA7000A43B3 /* DungeonGameUITests.swift */ = {isa = PBXFileReference; lastKnownFileType = sourcecode.swift; path = DungeonGameUITests.swift; sourceTree = "<group>"; };
		BD18194D1C9ACFA7000A43B3 /* Info.plist */ = {isa = PBXFileReference; lastKnownFileType = text.plist.xml; path = Info.plist; sourceTree = "<group>"; };
		BD18195C1C9AF0BC000A43B3 /* PartyViewController.swift */ = {isa = PBXFileReference; fileEncoding = 4; lastKnownFileType = sourcecode.swift; path = PartyViewController.swift; sourceTree = "<group>"; };
		BD18195D1C9AF0BC000A43B3 /* MainViewController.swift */ = {isa = PBXFileReference; fileEncoding = 4; lastKnownFileType = sourcecode.swift; path = MainViewController.swift; sourceTree = "<group>"; };
		BD1819611C9AF198000A43B3 /* PartyMemberTCViewController.swift */ = {isa = PBXFileReference; fileEncoding = 4; lastKnownFileType = sourcecode.swift; path = PartyMemberTCViewController.swift; sourceTree = "<group>"; };
		BD1819631C9C0E64000A43B3 /* CoreDataStack.swift */ = {isa = PBXFileReference; fileEncoding = 4; lastKnownFileType = sourcecode.swift; path = CoreDataStack.swift; sourceTree = "<group>"; };
		BD1819661C9C4034000A43B3 /* Game.swift */ = {isa = PBXFileReference; fileEncoding = 4; lastKnownFileType = sourcecode.swift; path = Game.swift; sourceTree = "<group>"; };
/* End PBXFileReference section */

/* Begin PBXFrameworksBuildPhase section */
		BD1819221C9ACFA7000A43B3 /* Frameworks */ = {
			isa = PBXFrameworksBuildPhase;
			buildActionMask = 2147483647;
			files = (
			);
			runOnlyForDeploymentPostprocessing = 0;
		};
		BD1819391C9ACFA7000A43B3 /* Frameworks */ = {
			isa = PBXFrameworksBuildPhase;
			buildActionMask = 2147483647;
			files = (
			);
			runOnlyForDeploymentPostprocessing = 0;
		};
		BD1819441C9ACFA7000A43B3 /* Frameworks */ = {
			isa = PBXFrameworksBuildPhase;
			buildActionMask = 2147483647;
			files = (
			);
			runOnlyForDeploymentPostprocessing = 0;
		};
/* End PBXFrameworksBuildPhase section */

/* Begin PBXGroup section */
		BD18191C1C9ACFA7000A43B3 = {
			isa = PBXGroup;
			children = (
				BD1819271C9ACFA7000A43B3 /* DungeonGame */,
				BD18193F1C9ACFA7000A43B3 /* DungeonGameTests */,
				BD18194A1C9ACFA7000A43B3 /* DungeonGameUITests */,
				BD1819261C9ACFA7000A43B3 /* Products */,
			);
			sourceTree = "<group>";
		};
		BD1819261C9ACFA7000A43B3 /* Products */ = {
			isa = PBXGroup;
			children = (
				BD1819251C9ACFA7000A43B3 /* DungeonGame.app */,
				BD18193C1C9ACFA7000A43B3 /* DungeonGameTests.xctest */,
				BD1819471C9ACFA7000A43B3 /* DungeonGameUITests.xctest */,
			);
			name = Products;
			sourceTree = "<group>";
		};
		BD1819271C9ACFA7000A43B3 /* DungeonGame */ = {
			isa = PBXGroup;
			children = (
				BD1819651C9C4029000A43B3 /* Model */,
				BD18195B1C9AF0BC000A43B3 /* ViewControllers */,
				BD1819281C9ACFA7000A43B3 /* AppDelegate.swift */,
				BD1819631C9C0E64000A43B3 /* CoreDataStack.swift */,
				BD18192C1C9ACFA7000A43B3 /* Main.storyboard */,
				BD1819341C9ACFA7000A43B3 /* LaunchScreen.storyboard */,
				BD1819371C9ACFA7000A43B3 /* Info.plist */,
				BD18192F1C9ACFA7000A43B3 /* DungeonGame.xcdatamodeld */,
				BD1819321C9ACFA7000A43B3 /* Assets.xcassets */,
			);
			path = DungeonGame;
			sourceTree = "<group>";
		};
		BD18193F1C9ACFA7000A43B3 /* DungeonGameTests */ = {
			isa = PBXGroup;
			children = (
				BD1819401C9ACFA7000A43B3 /* DungeonGameTests.swift */,
				BD1819421C9ACFA7000A43B3 /* Info.plist */,
			);
			path = DungeonGameTests;
			sourceTree = "<group>";
		};
		BD18194A1C9ACFA7000A43B3 /* DungeonGameUITests */ = {
			isa = PBXGroup;
			children = (
				BD18194B1C9ACFA7000A43B3 /* DungeonGameUITests.swift */,
				BD18194D1C9ACFA7000A43B3 /* Info.plist */,
			);
			path = DungeonGameUITests;
			sourceTree = "<group>";
		};
		BD18195B1C9AF0BC000A43B3 /* ViewControllers */ = {
			isa = PBXGroup;
			children = (
				BD1819601C9AF170000A43B3 /* Cells */,
				BD18195C1C9AF0BC000A43B3 /* PartyViewController.swift */,
				BD18195D1C9AF0BC000A43B3 /* MainViewController.swift */,
			);
			path = ViewControllers;
			sourceTree = "<group>";
		};
		BD1819601C9AF170000A43B3 /* Cells */ = {
			isa = PBXGroup;
			children = (
				BD1819611C9AF198000A43B3 /* PartyMemberTCViewController.swift */,
			);
			path = Cells;
			sourceTree = "<group>";
		};
		BD1819651C9C4029000A43B3 /* Model */ = {
			isa = PBXGroup;
			children = (
				BD1819661C9C4034000A43B3 /* Game.swift */,
			);
			path = Model;
			sourceTree = "<group>";
		};
/* End PBXGroup section */

/* Begin PBXNativeTarget section */
		BD1819241C9ACFA7000A43B3 /* DungeonGame */ = {
			isa = PBXNativeTarget;
			buildConfigurationList = BD1819501C9ACFA7000A43B3 /* Build configuration list for PBXNativeTarget "DungeonGame" */;
			buildPhases = (
				BD1819211C9ACFA7000A43B3 /* Sources */,
				BD1819221C9ACFA7000A43B3 /* Frameworks */,
				BD1819231C9ACFA7000A43B3 /* Resources */,
			);
			buildRules = (
			);
			dependencies = (
			);
			name = DungeonGame;
			productName = DungeonGame;
			productReference = BD1819251C9ACFA7000A43B3 /* DungeonGame.app */;
			productType = "com.apple.product-type.application";
		};
		BD18193B1C9ACFA7000A43B3 /* DungeonGameTests */ = {
			isa = PBXNativeTarget;
			buildConfigurationList = BD1819531C9ACFA7000A43B3 /* Build configuration list for PBXNativeTarget "DungeonGameTests" */;
			buildPhases = (
				BD1819381C9ACFA7000A43B3 /* Sources */,
				BD1819391C9ACFA7000A43B3 /* Frameworks */,
				BD18193A1C9ACFA7000A43B3 /* Resources */,
			);
			buildRules = (
			);
			dependencies = (
				BD18193E1C9ACFA7000A43B3 /* PBXTargetDependency */,
			);
			name = DungeonGameTests;
			productName = DungeonGameTests;
			productReference = BD18193C1C9ACFA7000A43B3 /* DungeonGameTests.xctest */;
			productType = "com.apple.product-type.bundle.unit-test";
		};
		BD1819461C9ACFA7000A43B3 /* DungeonGameUITests */ = {
			isa = PBXNativeTarget;
			buildConfigurationList = BD1819561C9ACFA7000A43B3 /* Build configuration list for PBXNativeTarget "DungeonGameUITests" */;
			buildPhases = (
				BD1819431C9ACFA7000A43B3 /* Sources */,
				BD1819441C9ACFA7000A43B3 /* Frameworks */,
				BD1819451C9ACFA7000A43B3 /* Resources */,
			);
			buildRules = (
			);
			dependencies = (
				BD1819491C9ACFA7000A43B3 /* PBXTargetDependency */,
			);
			name = DungeonGameUITests;
			productName = DungeonGameUITests;
			productReference = BD1819471C9ACFA7000A43B3 /* DungeonGameUITests.xctest */;
			productType = "com.apple.product-type.bundle.ui-testing";
		};
/* End PBXNativeTarget section */

/* Begin PBXProject section */
		BD18191D1C9ACFA7000A43B3 /* Project object */ = {
			isa = PBXProject;
			attributes = {
				LastSwiftUpdateCheck = 0720;
				LastUpgradeCheck = 0720;
				ORGANIZATIONNAME = "CertiCon a.s.";
				TargetAttributes = {
					BD1819241C9ACFA7000A43B3 = {
						CreatedOnToolsVersion = 7.2.1;
					};
					BD18193B1C9ACFA7000A43B3 = {
						CreatedOnToolsVersion = 7.2.1;
						TestTargetID = BD1819241C9ACFA7000A43B3;
					};
					BD1819461C9ACFA7000A43B3 = {
						CreatedOnToolsVersion = 7.2.1;
						TestTargetID = BD1819241C9ACFA7000A43B3;
					};
				};
			};
			buildConfigurationList = BD1819201C9ACFA7000A43B3 /* Build configuration list for PBXProject "DungeonGame" */;
			compatibilityVersion = "Xcode 3.2";
			developmentRegion = English;
			hasScannedForEncodings = 0;
			knownRegions = (
				en,
				Base,
			);
			mainGroup = BD18191C1C9ACFA7000A43B3;
			productRefGroup = BD1819261C9ACFA7000A43B3 /* Products */;
			projectDirPath = "";
			projectRoot = "";
			targets = (
				BD1819241C9ACFA7000A43B3 /* DungeonGame */,
				BD18193B1C9ACFA7000A43B3 /* DungeonGameTests */,
				BD1819461C9ACFA7000A43B3 /* DungeonGameUITests */,
			);
		};
/* End PBXProject section */

/* Begin PBXResourcesBuildPhase section */
		BD1819231C9ACFA7000A43B3 /* Resources */ = {
			isa = PBXResourcesBuildPhase;
			buildActionMask = 2147483647;
			files = (
				BD1819361C9ACFA7000A43B3 /* LaunchScreen.storyboard in Resources */,
				BD1819331C9ACFA7000A43B3 /* Assets.xcassets in Resources */,
				BD18192E1C9ACFA7000A43B3 /* Main.storyboard in Resources */,
			);
			runOnlyForDeploymentPostprocessing = 0;
		};
		BD18193A1C9ACFA7000A43B3 /* Resources */ = {
			isa = PBXResourcesBuildPhase;
			buildActionMask = 2147483647;
			files = (
			);
			runOnlyForDeploymentPostprocessing = 0;
		};
		BD1819451C9ACFA7000A43B3 /* Resources */ = {
			isa = PBXResourcesBuildPhase;
			buildActionMask = 2147483647;
			files = (
			);
			runOnlyForDeploymentPostprocessing = 0;
		};
/* End PBXResourcesBuildPhase section */

/* Begin PBXSourcesBuildPhase section */
		BD1819211C9ACFA7000A43B3 /* Sources */ = {
			isa = PBXSourcesBuildPhase;
			buildActionMask = 2147483647;
			files = (
				BD1819311C9ACFA7000A43B3 /* DungeonGame.xcdatamodeld in Sources */,
				BD18195E1C9AF0BC000A43B3 /* PartyViewController.swift in Sources */,
				BD1819671C9C4034000A43B3 /* Game.swift in Sources */,
				BD1819621C9AF198000A43B3 /* PartyMemberTCViewController.swift in Sources */,
				BD1819641C9C0E64000A43B3 /* CoreDataStack.swift in Sources */,
				BD18195F1C9AF0BC000A43B3 /* MainViewController.swift in Sources */,
				BD1819291C9ACFA7000A43B3 /* AppDelegate.swift in Sources */,
			);
			runOnlyForDeploymentPostprocessing = 0;
		};
		BD1819381C9ACFA7000A43B3 /* Sources */ = {
			isa = PBXSourcesBuildPhase;
			buildActionMask = 2147483647;
			files = (
				BD1819411C9ACFA7000A43B3 /* DungeonGameTests.swift in Sources */,
			);
			runOnlyForDeploymentPostprocessing = 0;
		};
		BD1819431C9ACFA7000A43B3 /* Sources */ = {
			isa = PBXSourcesBuildPhase;
			buildActionMask = 2147483647;
			files = (
				BD18194C1C9ACFA7000A43B3 /* DungeonGameUITests.swift in Sources */,
			);
			runOnlyForDeploymentPostprocessing = 0;
		};
/* End PBXSourcesBuildPhase section */

/* Begin PBXTargetDependency section */
		BD18193E1C9ACFA7000A43B3 /* PBXTargetDependency */ = {
			isa = PBXTargetDependency;
			target = BD1819241C9ACFA7000A43B3 /* DungeonGame */;
			targetProxy = BD18193D1C9ACFA7000A43B3 /* PBXContainerItemProxy */;
		};
		BD1819491C9ACFA7000A43B3 /* PBXTargetDependency */ = {
			isa = PBXTargetDependency;
			target = BD1819241C9ACFA7000A43B3 /* DungeonGame */;
			targetProxy = BD1819481C9ACFA7000A43B3 /* PBXContainerItemProxy */;
		};
/* End PBXTargetDependency section */

/* Begin PBXVariantGroup section */
		BD18192C1C9ACFA7000A43B3 /* Main.storyboard */ = {
			isa = PBXVariantGroup;
			children = (
				BD18192D1C9ACFA7000A43B3 /* Base */,
			);
			name = Main.storyboard;
			sourceTree = "<group>";
		};
		BD1819341C9ACFA7000A43B3 /* LaunchScreen.storyboard */ = {
			isa = PBXVariantGroup;
			children = (
				BD1819351C9ACFA7000A43B3 /* Base */,
			);
			name = LaunchScreen.storyboard;
			sourceTree = "<group>";
		};
/* End PBXVariantGroup section */

/* Begin XCBuildConfiguration section */
		BD18194E1C9ACFA7000A43B3 /* Debug */ = {
			isa = XCBuildConfiguration;
			buildSettings = {
				ALWAYS_SEARCH_USER_PATHS = NO;
				CLANG_CXX_LANGUAGE_STANDARD = "gnu++0x";
				CLANG_CXX_LIBRARY = "libc++";
				CLANG_ENABLE_MODULES = YES;
				CLANG_ENABLE_OBJC_ARC = YES;
				CLANG_WARN_BOOL_CONVERSION = YES;
				CLANG_WARN_CONSTANT_CONVERSION = YES;
				CLANG_WARN_DIRECT_OBJC_ISA_USAGE = YES_ERROR;
				CLANG_WARN_EMPTY_BODY = YES;
				CLANG_WARN_ENUM_CONVERSION = YES;
				CLANG_WARN_INT_CONVERSION = YES;
				CLANG_WARN_OBJC_ROOT_CLASS = YES_ERROR;
				CLANG_WARN_UNREACHABLE_CODE = YES;
				CLANG_WARN__DUPLICATE_METHOD_MATCH = YES;
				"CODE_SIGN_IDENTITY[sdk=iphoneos*]" = "iPhone Developer";
				COPY_PHASE_STRIP = NO;
				DEBUG_INFORMATION_FORMAT = dwarf;
				ENABLE_STRICT_OBJC_MSGSEND = YES;
				ENABLE_TESTABILITY = YES;
				GCC_C_LANGUAGE_STANDARD = gnu99;
				GCC_DYNAMIC_NO_PIC = NO;
				GCC_NO_COMMON_BLOCKS = YES;
				GCC_OPTIMIZATION_LEVEL = 0;
				GCC_PREPROCESSOR_DEFINITIONS = (
					"DEBUG=1",
					"$(inherited)",
				);
				GCC_WARN_64_TO_32_BIT_CONVERSION = YES;
				GCC_WARN_ABOUT_RETURN_TYPE = YES_ERROR;
				GCC_WARN_UNDECLARED_SELECTOR = YES;
				GCC_WARN_UNINITIALIZED_AUTOS = YES_AGGRESSIVE;
				GCC_WARN_UNUSED_FUNCTION = YES;
				GCC_WARN_UNUSED_VARIABLE = YES;
				IPHONEOS_DEPLOYMENT_TARGET = 9.2;
				MTL_ENABLE_DEBUG_INFO = YES;
				ONLY_ACTIVE_ARCH = YES;
				SDKROOT = iphoneos;
				SWIFT_OPTIMIZATION_LEVEL = "-Onone";
				TARGETED_DEVICE_FAMILY = "1,2";
			};
			name = Debug;
		};
		BD18194F1C9ACFA7000A43B3 /* Release */ = {
			isa = XCBuildConfiguration;
			buildSettings = {
				ALWAYS_SEARCH_USER_PATHS = NO;
				CLANG_CXX_LANGUAGE_STANDARD = "gnu++0x";
				CLANG_CXX_LIBRARY = "libc++";
				CLANG_ENABLE_MODULES = YES;
				CLANG_ENABLE_OBJC_ARC = YES;
				CLANG_WARN_BOOL_CONVERSION = YES;
				CLANG_WARN_CONSTANT_CONVERSION = YES;
				CLANG_WARN_DIRECT_OBJC_ISA_USAGE = YES_ERROR;
				CLANG_WARN_EMPTY_BODY = YES;
				CLANG_WARN_ENUM_CONVERSION = YES;
				CLANG_WARN_INT_CONVERSION = YES;
				CLANG_WARN_OBJC_ROOT_CLASS = YES_ERROR;
				CLANG_WARN_UNREACHABLE_CODE = YES;
				CLANG_WARN__DUPLICATE_METHOD_MATCH = YES;
				"CODE_SIGN_IDENTITY[sdk=iphoneos*]" = "iPhone Developer";
				COPY_PHASE_STRIP = NO;
				DEBUG_INFORMATION_FORMAT = "dwarf-with-dsym";
				ENABLE_NS_ASSERTIONS = NO;
				ENABLE_STRICT_OBJC_MSGSEND = YES;
				GCC_C_LANGUAGE_STANDARD = gnu99;
				GCC_NO_COMMON_BLOCKS = YES;
				GCC_WARN_64_TO_32_BIT_CONVERSION = YES;
				GCC_WARN_ABOUT_RETURN_TYPE = YES_ERROR;
				GCC_WARN_UNDECLARED_SELECTOR = YES;
				GCC_WARN_UNINITIALIZED_AUTOS = YES_AGGRESSIVE;
				GCC_WARN_UNUSED_FUNCTION = YES;
				GCC_WARN_UNUSED_VARIABLE = YES;
				IPHONEOS_DEPLOYMENT_TARGET = 9.2;
				MTL_ENABLE_DEBUG_INFO = NO;
				SDKROOT = iphoneos;
				TARGETED_DEVICE_FAMILY = "1,2";
				VALIDATE_PRODUCT = YES;
			};
			name = Release;
		};
		BD1819511C9ACFA7000A43B3 /* Debug */ = {
			isa = XCBuildConfiguration;
			buildSettings = {
				ASSETCATALOG_COMPILER_APPICON_NAME = AppIcon;
				INFOPLIST_FILE = DungeonGame/Info.plist;
				LD_RUNPATH_SEARCH_PATHS = "$(inherited) @executable_path/Frameworks";
				PRODUCT_BUNDLE_IDENTIFIER = cz.certicon.DungeonGame;
				PRODUCT_NAME = "$(TARGET_NAME)";
			};
			name = Debug;
		};
		BD1819521C9ACFA7000A43B3 /* Release */ = {
			isa = XCBuildConfiguration;
			buildSettings = {
				ASSETCATALOG_COMPILER_APPICON_NAME = AppIcon;
				INFOPLIST_FILE = DungeonGame/Info.plist;
				LD_RUNPATH_SEARCH_PATHS = "$(inherited) @executable_path/Frameworks";
				PRODUCT_BUNDLE_IDENTIFIER = cz.certicon.DungeonGame;
				PRODUCT_NAME = "$(TARGET_NAME)";
			};
			name = Release;
		};
		BD1819541C9ACFA7000A43B3 /* Debug */ = {
			isa = XCBuildConfiguration;
			buildSettings = {
				BUNDLE_LOADER = "$(TEST_HOST)";
				INFOPLIST_FILE = DungeonGameTests/Info.plist;
				LD_RUNPATH_SEARCH_PATHS = "$(inherited) @executable_path/Frameworks @loader_path/Frameworks";
				PRODUCT_BUNDLE_IDENTIFIER = cz.certicon.DungeonGameTests;
				PRODUCT_NAME = "$(TARGET_NAME)";
				TEST_HOST = "$(BUILT_PRODUCTS_DIR)/DungeonGame.app/DungeonGame";
			};
			name = Debug;
		};
		BD1819551C9ACFA7000A43B3 /* Release */ = {
			isa = XCBuildConfiguration;
			buildSettings = {
				BUNDLE_LOADER = "$(TEST_HOST)";
				INFOPLIST_FILE = DungeonGameTests/Info.plist;
				LD_RUNPATH_SEARCH_PATHS = "$(inherited) @executable_path/Frameworks @loader_path/Frameworks";
				PRODUCT_BUNDLE_IDENTIFIER = cz.certicon.DungeonGameTests;
				PRODUCT_NAME = "$(TARGET_NAME)";
				TEST_HOST = "$(BUILT_PRODUCTS_DIR)/DungeonGame.app/DungeonGame";
			};
			name = Release;
		};
		BD1819571C9ACFA7000A43B3 /* Debug */ = {
			isa = XCBuildConfiguration;
			buildSettings = {
				INFOPLIST_FILE = DungeonGameUITests/Info.plist;
				LD_RUNPATH_SEARCH_PATHS = "$(inherited) @executable_path/Frameworks @loader_path/Frameworks";
				PRODUCT_BUNDLE_IDENTIFIER = cz.certicon.DungeonGameUITests;
				PRODUCT_NAME = "$(TARGET_NAME)";
				TEST_TARGET_NAME = DungeonGame;
				USES_XCTRUNNER = YES;
			};
			name = Debug;
		};
		BD1819581C9ACFA7000A43B3 /* Release */ = {
			isa = XCBuildConfiguration;
			buildSettings = {
				INFOPLIST_FILE = DungeonGameUITests/Info.plist;
				LD_RUNPATH_SEARCH_PATHS = "$(inherited) @executable_path/Frameworks @loader_path/Frameworks";
				PRODUCT_BUNDLE_IDENTIFIER = cz.certicon.DungeonGameUITests;
				PRODUCT_NAME = "$(TARGET_NAME)";
				TEST_TARGET_NAME = DungeonGame;
				USES_XCTRUNNER = YES;
			};
			name = Release;
		};
/* End XCBuildConfiguration section */

/* Begin XCConfigurationList section */
		BD1819201C9ACFA7000A43B3 /* Build configuration list for PBXProject "DungeonGame" */ = {
			isa = XCConfigurationList;
			buildConfigurations = (
				BD18194E1C9ACFA7000A43B3 /* Debug */,
				BD18194F1C9ACFA7000A43B3 /* Release */,
			);
			defaultConfigurationIsVisible = 0;
			defaultConfigurationName = Release;
		};
		BD1819501C9ACFA7000A43B3 /* Build configuration list for PBXNativeTarget "DungeonGame" */ = {
			isa = XCConfigurationList;
			buildConfigurations = (
				BD1819511C9ACFA7000A43B3 /* Debug */,
				BD1819521C9ACFA7000A43B3 /* Release */,
			);
			defaultConfigurationIsVisible = 0;
		};
		BD1819531C9ACFA7000A43B3 /* Build configuration list for PBXNativeTarget "DungeonGameTests" */ = {
			isa = XCConfigurationList;
			buildConfigurations = (
				BD1819541C9ACFA7000A43B3 /* Debug */,
				BD1819551C9ACFA7000A43B3 /* Release */,
			);
			defaultConfigurationIsVisible = 0;
		};
		BD1819561C9ACFA7000A43B3 /* Build configuration list for PBXNativeTarget "DungeonGameUITests" */ = {
			isa = XCConfigurationList;
			buildConfigurations = (
				BD1819571C9ACFA7000A43B3 /* Debug */,
				BD1819581C9ACFA7000A43B3 /* Release */,
			);
			defaultConfigurationIsVisible = 0;
		};
/* End XCConfigurationList section */

/* Begin XCVersionGroup section */
		BD18192F1C9ACFA7000A43B3 /* DungeonGame.xcdatamodeld */ = {
			isa = XCVersionGroup;
			children = (
				BD1819301C9ACFA7000A43B3 /* DungeonGame.xcdatamodel */,
			);
			currentVersion = BD1819301C9ACFA7000A43B3 /* DungeonGame.xcdatamodel */;
			path = DungeonGame.xcdatamodeld;
			sourceTree = "<group>";
			versionGroupType = wrapper.xcdatamodel;
		};
/* End XCVersionGroup section */
	};
	rootObject = BD18191D1C9ACFA7000A43B3 /* Project object */;
}
